
Microsoft Visual Studio Solution File, Format Version 12.00
# Visual Studio Version 17
VisualStudioVersion = 17.2.32616.157
MinimumVisualStudioVersion = 10.0.40219.1
Project("{9A19103F-16F7-4668-BE54-9A1E7A4F7556}") = "NetCuisine", "NetCuisine.csproj", "{6EF78BC2-9D06-4A75-A763-F4C8ECFC0B63}"
EndProject
Global
	GlobalSection(SolutionConfigurationPlatforms) = preSolution
		Debug|Any CPU = Debug|Any CPU
		Release|Any CPU = Release|Any CPU
	EndGlobalSection
	GlobalSection(ProjectConfigurationPlatforms) = postSolution
		{6EF78BC2-9D06-4A75-A763-F4C8ECFC0B63}.Debug|Any CPU.ActiveCfg = Debug|Any CPU
		{6EF78BC2-9D06-4A75-A763-F4C8ECFC0B63}.Debug|Any CPU.Build.0 = Debug|Any CPU
		{6EF78BC2-9D06-4A75-A763-F4C8ECFC0B63}.Release|Any CPU.ActiveCfg = Release|Any CPU
		{6EF78BC2-9D06-4A75-A763-F4C8ECFC0B63}.Release|Any CPU.Build.0 = Release|Any CPU
	EndGlobalSection
	GlobalSection(SolutionProperties) = preSolution
		HideSolutionNode = FALSE
	EndGlobalSection
	GlobalSection(ExtensibilityGlobals) = postSolution
		SolutionGuid = {CFD01679-D110-4172-AFC5-BF1647AC0DB3}
	EndGlobalSection
EndGlobal
